<?xml version="1.0" encoding="utf-8"?>
<Project ToolsVersion="4.0" xmlns="http://schemas.microsoft.com/developer/msbuild/2003">
  <ItemGroup>
    <Filter Include="Source Files">
      <UniqueIdentifier>{4FC737F1-C7A5-4376-A066-2A32D752A2FF}</UniqueIdentifier>
      <Extensions>cpp;c;cc;cxx;c++;cppm;ixx;def;odl;idl;hpj;bat;asm;asmx</Extensions>
    </Filter>
    <Filter Include="Header Files">
      <UniqueIdentifier>{93995380-89BD-4b04-88EB-625FBE52EBFB}</UniqueIdentifier>
      <Extensions>h;hh;hpp;hxx;h++;hm;inl;inc;ipp;xsd</Extensions>
    </Filter>
    <Filter Include="Header Files\Dependencies">
      <UniqueIdentifier>{0785129c-6076-4d27-809b-0abc44d09b51}</UniqueIdentifier>
    </Filter>
    <Filter Include="Header Files\Tabs">
      <UniqueIdentifier>{a7662a87-44ba-4aa5-9466-2703a25f4173}</UniqueIdentifier>
    </Filter>
    <Filter Include="Header Files\Dependencies\Colours">
      <UniqueIdentifier>{111e3d1d-1b83-4d31-b17c-5f38409e4624}</UniqueIdentifier>
    </Filter>
  </ItemGroup>
  <ItemGroup>
    <ClCompile Include="Main.cpp">
      <Filter>Source Files</Filter>
    </ClCompile>
  </ItemGroup>
  <ItemGroup>
    <ClInclude Include="Dependencies\Colours\Colours.h">
      <Filter>Header Files\Dependencies\Colours</Filter>
    </ClInclude>
    <ClInclude Include="Tabs\Applications.h">
      <Filter>Header Files\Tabs</Filter>
    </ClInclude>
    <ClInclude Include="Tabs\Games.h">
      <Filter>Header Files\Tabs</Filter>
    </ClInclude>
    <ClInclude Include="Tabs\Tools.h">
      <Filter>Header Files\Tabs</Filter>
    </ClInclude>
    <ClInclude Include="Tabs\Emulators.h">
      <Filter>Header Files\Tabs</Filter>
    </ClInclude>
  </ItemGroup>
</Project>